{
  "name": "crowd.dev",
  "lockfileVersion": 2,
  "requires": true,
  "packages": {
    "node_modules/@aws-sdk/protocol-http": {
      "version": "3.226.0",
      "resolved": "https://registry.npmjs.org/@aws-sdk/protocol-http/-/protocol-http-3.226.0.tgz",
      "integrity": "sha512-zWkVqiTA9RXL6y0hhfZc9bcU4DX2NI6Hw9IhQmSPeM59mdbPjJlY4bLlMr5YxywqO3yQ/ylNoAfrEzrDjlOSRg==",
      "dependencies": {
        "@aws-sdk/types": "3.226.0",
        "tslib": "^2.3.1"
      },
      "engines": {
        "node": ">=14.0.0"
      }
    },
    "node_modules/@aws-sdk/types": {
      "version": "3.226.0",
      "resolved": "https://registry.npmjs.org/@aws-sdk/types/-/types-3.226.0.tgz",
      "integrity": "sha512-MmmNHrWeO4man7wpOwrAhXlevqtOV9ZLcH4RhnG5LmRce0RFOApx24HoKENfFCcOyCm5LQBlsXCqi0dZWDWU0A==",
      "dependencies": {
        "tslib": "^2.3.1"
      },
      "engines": {
        "node": ">=14.0.0"
      }
    },
    "node_modules/tslib": {
      "version": "2.4.1",
      "resolved": "https://registry.npmjs.org/tslib/-/tslib-2.4.1.tgz",
      "integrity": "sha512-tGyy4dAjRIEwI7BzsB0lynWgOpfqjUdq91XXAlIWD2OwKBH7oCl/GZG/HT4BOHrTlPMOASlMQ7veyTqpmRcrNA=="
    }
  },
  "dependencies": {
    "@aws-sdk/protocol-http": {
      "version": "https://registry.npmjs.org/@aws-sdk/protocol-http/-/protocol-http-3.226.0.tgz",
      "integrity": "sha512-zWkVqiTA9RXL6y0hhfZc9bcU4DX2NI6Hw9IhQmSPeM59mdbPjJlY4bLlMr5YxywqO3yQ/ylNoAfrEzrDjlOSRg==",
      "requires": {
        "@aws-sdk/types": "3.226.0",
        "tslib": "^2.3.1"
      }
    },
    "@aws-sdk/types": {
      "version": "3.226.0",
      "resolved": "https://registry.npmjs.org/@aws-sdk/types/-/types-3.226.0.tgz",
      "integrity": "sha512-MmmNHrWeO4man7wpOwrAhXlevqtOV9ZLcH4RhnG5LmRce0RFOApx24HoKENfFCcOyCm5LQBlsXCqi0dZWDWU0A==",
      "requires": {
        "tslib": "^2.3.1"
      }
    },
    "tslib": {
      "version": "2.4.1",
      "resolved": "https://registry.npmjs.org/tslib/-/tslib-2.4.1.tgz",
      "integrity": "sha512-tGyy4dAjRIEwI7BzsB0lynWgOpfqjUdq91XXAlIWD2OwKBH7oCl/GZG/HT4BOHrTlPMOASlMQ7veyTqpmRcrNA=="
    }
  }
}
