{
  "name": "worker",
  "version": "1.0.0",
  "lockfileVersion": 2,
  "requires": true,
  "packages": {
    "": {
      "name": "worker",
      "version": "1.0.0",
      "license": "MIT",
      "dependencies": {
        "@cloudflare/kv-asset-handler": "^0.3.0"
      }
    },
    "node_modules/@cloudflare/kv-asset-handler": {
      "version": "0.3.0",
      "resolved": "https://registry.npmjs.org/@cloudflare/kv-asset-handler/-/kv-asset-handler-0.3.0.tgz",
      "integrity": "sha512-9CB/MKf/wdvbfkUdfrj+OkEwZ5b7rws0eogJ4293h+7b6KX5toPwym+VQKmILafNB9YiehqY0DlNrDcDhdWHSQ==",
      "dependencies": {
        "mime": "^3.0.0"
      }
    },
    "node_modules/mime": {
      "version": "3.0.0",
      "resolved": "https://registry.npmjs.org/mime/-/mime-3.0.0.tgz",
      "integrity": "sha512-jSCU7/VB1loIWBZe14aEYHU/+1UMEHoaO7qxCOVJOw9GgH72VAWppxNcjU+x9a2k3GSIBXNKxXQFqRvvZ7vr3A==",
      "bin": {
        "mime": "cli.js"
      },
      "engines": {
        "node": ">=10.0.0"
      }
    }
  },
  "dependencies": {
    "@cloudflare/kv-asset-handler": {
      "version": "0.3.0",
      "resolved": "https://registry.npmjs.org/@cloudflare/kv-asset-handler/-/kv-asset-handler-0.3.0.tgz",
      "integrity": "sha512-9CB/MKf/wdvbfkUdfrj+OkEwZ5b7rws0eogJ4293h+7b6KX5toPwym+VQKmILafNB9YiehqY0DlNrDcDhdWHSQ==",
      "requires": {
        "mime": "^3.0.0"
      }
    },
    "mime": {
      "version": "3.0.0",
      "resolved": "https://registry.npmjs.org/mime/-/mime-3.0.0.tgz",
      "integrity": "sha512-jSCU7/VB1loIWBZe14aEYHU/+1UMEHoaO7qxCOVJOw9GgH72VAWppxNcjU+x9a2k3GSIBXNKxXQFqRvvZ7vr3A=="
    }
  }
}
