{
  "name": "@crowd/sentiment",
  "version": "1.0.0",
  "lockfileVersion": 3,
  "requires": true,
  "packages": {
    "": {
      "name": "@crowd/sentiment",
      "version": "1.0.0",
      "dependencies": {
        "@aws-sdk/client-comprehend": "^3.335.0",
        "@crowd/common": "file:../common",
        "@crowd/logging": "file:../logging",
        "crowd-sentiment": "^1.1.7"
      },
      "devDependencies": {
        "@types/node": "^18.16.3",
        "@typescript-eslint/eslint-plugin": "^5.59.2",
        "@typescript-eslint/parser": "^5.59.2",
        "eslint": "^8.39.0",
        "eslint-config-prettier": "^8.8.0",
        "eslint-plugin-prettier": "^4.2.1",
        "prettier": "^2.8.8",
        "typescript": "^5.0.4"
      }
    },
    "../../../node_modules/.pnpm/@aws-sdk+client-comprehend@3.462.0/node_modules/@aws-sdk/client-comprehend": {
      "version": "3.462.0",
      "license": "Apache-2.0",
      "dependencies": {
        "@aws-crypto/sha256-browser": "3.0.0",
        "@aws-crypto/sha256-js": "3.0.0",
        "@aws-sdk/client-sts": "3.462.0",
        "@aws-sdk/core": "3.451.0",
        "@aws-sdk/credential-provider-node": "3.460.0",
        "@aws-sdk/middleware-host-header": "3.460.0",
        "@aws-sdk/middleware-logger": "3.460.0",
        "@aws-sdk/middleware-recursion-detection": "3.460.0",
        "@aws-sdk/middleware-signing": "3.461.0",
        "@aws-sdk/middleware-user-agent": "3.460.0",
        "@aws-sdk/region-config-resolver": "3.451.0",
        "@aws-sdk/types": "3.460.0",
        "@aws-sdk/util-endpoints": "3.460.0",
        "@aws-sdk/util-user-agent-browser": "3.460.0",
        "@aws-sdk/util-user-agent-node": "3.460.0",
        "@smithy/config-resolver": "^2.0.18",
        "@smithy/fetch-http-handler": "^2.2.6",
        "@smithy/hash-node": "^2.0.15",
        "@smithy/invalid-dependency": "^2.0.13",
        "@smithy/middleware-content-length": "^2.0.15",
        "@smithy/middleware-endpoint": "^2.2.0",
        "@smithy/middleware-retry": "^2.0.20",
        "@smithy/middleware-serde": "^2.0.13",
        "@smithy/middleware-stack": "^2.0.7",
        "@smithy/node-config-provider": "^2.1.5",
        "@smithy/node-http-handler": "^2.1.9",
        "@smithy/protocol-http": "^3.0.9",
        "@smithy/smithy-client": "^2.1.15",
        "@smithy/types": "^2.5.0",
        "@smithy/url-parser": "^2.0.13",
        "@smithy/util-base64": "^2.0.1",
        "@smithy/util-body-length-browser": "^2.0.0",
        "@smithy/util-body-length-node": "^2.1.0",
        "@smithy/util-defaults-mode-browser": "^2.0.19",
        "@smithy/util-defaults-mode-node": "^2.0.25",
        "@smithy/util-endpoints": "^1.0.4",
        "@smithy/util-retry": "^2.0.6",
        "@smithy/util-utf8": "^2.0.2",
        "tslib": "^2.5.0",
        "uuid": "^8.3.2"
      },
      "devDependencies": {
        "@smithy/service-client-documentation-generator": "^2.0.0",
        "@tsconfig/node14": "1.0.3",
        "@types/node": "^14.14.31",
        "@types/uuid": "^8.3.0",
        "concurrently": "7.0.0",
        "downlevel-dts": "0.10.1",
        "rimraf": "3.0.2",
        "typedoc": "0.23.23",
        "typescript": "~4.9.5"
      },
      "engines": {
        "node": ">=14.0.0"
      }
    },
    "../../../node_modules/.pnpm/@types+node@18.18.14/node_modules/@types/node": {
      "version": "18.18.14",
      "dev": true,
      "license": "MIT",
      "dependencies": {
        "undici-types": "~5.26.4"
      }
    },
    "../../../node_modules/.pnpm/@typescript-eslint+eslint-plugin@5.62.0_@typescript-eslint+parser@5.62.0_eslint@8.54.0_typescript@5.3.2/node_modules/@typescript-eslint/eslint-plugin": {
      "version": "5.62.0",
      "dev": true,
      "license": "MIT",
      "dependencies": {
        "@eslint-community/regexpp": "^4.4.0",
        "@typescript-eslint/scope-manager": "5.62.0",
        "@typescript-eslint/type-utils": "5.62.0",
        "@typescript-eslint/utils": "5.62.0",
        "debug": "^4.3.4",
        "graphemer": "^1.4.0",
        "ignore": "^5.2.0",
        "natural-compare-lite": "^1.4.0",
        "semver": "^7.3.7",
        "tsutils": "^3.21.0"
      },
      "devDependencies": {
        "@types/debug": "*",
        "@types/json-schema": "*",
        "@types/marked": "*",
        "@types/natural-compare-lite": "^1.4.0",
        "@types/prettier": "*",
        "chalk": "^5.0.1",
        "cross-fetch": "^3.1.5",
        "json-schema": "*",
        "markdown-table": "^3.0.2",
        "marked": "^4.0.15",
        "prettier": "*",
        "title-case": "^3.0.3",
        "typescript": "*"
      },
      "engines": {
        "node": "^12.22.0 || ^14.17.0 || >=16.0.0"
      },
      "funding": {
        "type": "opencollective",
        "url": "https://opencollective.com/typescript-eslint"
      },
      "peerDependencies": {
        "@typescript-eslint/parser": "^5.0.0",
        "eslint": "^6.0.0 || ^7.0.0 || ^8.0.0"
      },
      "peerDependenciesMeta": {
        "typescript": {
          "optional": true
        }
      }
    },
    "../../../node_modules/.pnpm/@typescript-eslint+parser@5.62.0_eslint@8.54.0_typescript@5.3.2/node_modules/@typescript-eslint/parser": {
      "version": "5.62.0",
      "dev": true,
      "license": "BSD-2-Clause",
      "dependencies": {
        "@typescript-eslint/scope-manager": "5.62.0",
        "@typescript-eslint/types": "5.62.0",
        "@typescript-eslint/typescript-estree": "5.62.0",
        "debug": "^4.3.4"
      },
      "devDependencies": {
        "@types/glob": "*",
        "glob": "*",
        "typescript": "*"
      },
      "engines": {
        "node": "^12.22.0 || ^14.17.0 || >=16.0.0"
      },
      "funding": {
        "type": "opencollective",
        "url": "https://opencollective.com/typescript-eslint"
      },
      "peerDependencies": {
        "eslint": "^6.0.0 || ^7.0.0 || ^8.0.0"
      },
      "peerDependenciesMeta": {
        "typescript": {
          "optional": true
        }
      }
    },
    "../../../node_modules/.pnpm/eslint-config-prettier@8.10.0_eslint@8.54.0/node_modules/eslint-config-prettier": {
      "version": "8.10.0",
      "dev": true,
      "license": "MIT",
      "bin": {
        "eslint-config-prettier": "bin/cli.js"
      },
      "peerDependencies": {
        "eslint": ">=7.0.0"
      }
    },
    "../../../node_modules/.pnpm/eslint-plugin-prettier@4.2.1_eslint-config-prettier@8.10.0_eslint@8.54.0_prettier@2.8.8/node_modules/eslint-plugin-prettier": {
      "version": "4.2.1",
      "dev": true,
      "license": "MIT",
      "dependencies": {
        "prettier-linter-helpers": "^1.0.0"
      },
      "devDependencies": {
        "@1stg/common-config": "~3.0.0",
        "@1stg/eslint-config": "~3.0.0",
        "@changesets/changelog-github": "^0.4.5",
        "@changesets/cli": "^2.23.0",
        "@graphql-eslint/eslint-plugin": "^2.5.0",
        "@ota-meshi/eslint-plugin-svelte": "^0.34.1",
        "@typescript-eslint/parser": "^5.29.0",
        "eslint-config-prettier": "^8.5.0",
        "eslint-mdx": "^1.17.0",
        "eslint-plugin-eslint-plugin": "^4.3.0",
        "eslint-plugin-mdx": "^1.17.0",
        "eslint-plugin-self": "^1.2.1",
        "eslint-plugin-utils": "^0.1.0",
        "graphql": "^16.5.0",
        "mocha": "^9.2.2",
        "patch-package": "^6.4.7",
        "svelte": "^3.48.0",
        "vue-eslint-parser": "^8.3.0"
      },
      "engines": {
        "node": ">=12.0.0"
      },
      "peerDependencies": {
        "eslint": ">=7.28.0",
        "prettier": ">=2.0.0"
      },
      "peerDependenciesMeta": {
        "eslint-config-prettier": {
          "optional": true
        }
      }
    },
    "../../../node_modules/.pnpm/eslint@8.54.0/node_modules/eslint": {
      "version": "8.54.0",
      "dev": true,
      "license": "MIT",
      "dependencies": {
        "@eslint-community/eslint-utils": "^4.2.0",
        "@eslint-community/regexpp": "^4.6.1",
        "@eslint/eslintrc": "^2.1.3",
        "@eslint/js": "8.54.0",
        "@humanwhocodes/config-array": "^0.11.13",
        "@humanwhocodes/module-importer": "^1.0.1",
        "@nodelib/fs.walk": "^1.2.8",
        "@ungap/structured-clone": "^1.2.0",
        "ajv": "^6.12.4",
        "chalk": "^4.0.0",
        "cross-spawn": "^7.0.2",
        "debug": "^4.3.2",
        "doctrine": "^3.0.0",
        "escape-string-regexp": "^4.0.0",
        "eslint-scope": "^7.2.2",
        "eslint-visitor-keys": "^3.4.3",
        "espree": "^9.6.1",
        "esquery": "^1.4.2",
        "esutils": "^2.0.2",
        "fast-deep-equal": "^3.1.3",
        "file-entry-cache": "^6.0.1",
        "find-up": "^5.0.0",
        "glob-parent": "^6.0.2",
        "globals": "^13.19.0",
        "graphemer": "^1.4.0",
        "ignore": "^5.2.0",
        "imurmurhash": "^0.1.4",
        "is-glob": "^4.0.0",
        "is-path-inside": "^3.0.3",
        "js-yaml": "^4.1.0",
        "json-stable-stringify-without-jsonify": "^1.0.1",
        "levn": "^0.4.1",
        "lodash.merge": "^4.6.2",
        "minimatch": "^3.1.2",
        "natural-compare": "^1.4.0",
        "optionator": "^0.9.3",
        "strip-ansi": "^6.0.1",
        "text-table": "^0.2.0"
      },
      "bin": {
        "eslint": "bin/eslint.js"
      },
      "devDependencies": {
        "@babel/core": "^7.4.3",
        "@babel/preset-env": "^7.4.3",
        "@wdio/browser-runner": "^8.14.6",
        "@wdio/cli": "^8.14.6",
        "@wdio/concise-reporter": "^8.14.0",
        "@wdio/globals": "^8.14.6",
        "@wdio/mocha-framework": "^8.14.0",
        "babel-loader": "^8.0.5",
        "c8": "^7.12.0",
        "chai": "^4.0.1",
        "cheerio": "^0.22.0",
        "common-tags": "^1.8.0",
        "core-js": "^3.1.3",
        "ejs": "^3.0.2",
        "eslint": "file:.",
        "eslint-config-eslint": "file:packages/eslint-config-eslint",
        "eslint-plugin-eslint-comments": "^3.2.0",
        "eslint-plugin-eslint-plugin": "^5.1.0",
        "eslint-plugin-internal-rules": "file:tools/internal-rules",
        "eslint-plugin-jsdoc": "^46.2.5",
        "eslint-plugin-n": "^16.0.0",
        "eslint-plugin-unicorn": "^42.0.0",
        "eslint-release": "^3.2.0",
        "eslump": "^3.0.0",
        "esprima": "^4.0.1",
        "fast-glob": "^3.2.11",
        "fs-teardown": "^0.1.3",
        "glob": "^7.1.6",
        "got": "^11.8.3",
        "gray-matter": "^4.0.3",
        "lint-staged": "^11.0.0",
        "load-perf": "^0.2.0",
        "markdownlint": "^0.31.1",
        "markdownlint-cli": "^0.37.0",
        "marked": "^4.0.8",
        "memfs": "^3.0.1",
        "metascraper": "^5.25.7",
        "metascraper-description": "^5.25.7",
        "metascraper-image": "^5.29.3",
        "metascraper-logo": "^5.25.7",
        "metascraper-logo-favicon": "^5.25.7",
        "metascraper-title": "^5.25.7",
        "mocha": "^8.3.2",
        "mocha-junit-reporter": "^2.0.0",
        "node-polyfill-webpack-plugin": "^1.0.3",
        "npm-license": "^0.3.3",
        "pirates": "^4.0.5",
        "progress": "^2.0.3",
        "proxyquire": "^2.0.1",
        "recast": "^0.23.0",
        "regenerator-runtime": "^0.14.0",
        "rollup-plugin-node-polyfills": "^0.2.1",
        "semver": "^7.5.3",
        "shelljs": "^0.8.2",
        "sinon": "^11.0.0",
        "vite-plugin-commonjs": "^0.10.0",
        "webdriverio": "^8.14.6",
        "webpack": "^5.23.0",
        "webpack-cli": "^4.5.0",
        "yorkie": "^2.0.0"
      },
      "engines": {
        "node": "^12.22.0 || ^14.17.0 || >=16.0.0"
      },
      "funding": {
        "url": "https://opencollective.com/eslint"
      }
    },
    "../../../node_modules/.pnpm/file+services+libs+common/node_modules/@crowd/common": {
      "version": "1.0.0",
      "extraneous": true,
      "dependencies": {
        "@crowd/logging": "file:../logging",
        "@crowd/types": "file:../types",
        "lodash.get": "~4.4.2",
        "psl": "^1.9.0",
        "uuid": "^9.0.0"
      },
      "devDependencies": {
        "@types/node": "^18.16.3",
        "@typescript-eslint/eslint-plugin": "^5.59.2",
        "@typescript-eslint/parser": "^5.59.2",
        "eslint": "^8.39.0",
        "eslint-config-prettier": "^8.8.0",
        "eslint-plugin-prettier": "^4.2.1",
        "prettier": "^2.8.8",
        "typescript": "^5.0.4"
      }
    },
    "../../../node_modules/.pnpm/file+services+libs+logging/node_modules/@crowd/logging": {
      "version": "1.0.0",
      "extraneous": true,
      "dependencies": {
        "@crowd/common": "file:../common",
        "@crowd/tracing": "file:../tracing",
        "bunyan": "^1.8.15",
        "bunyan-format": "^0.2.1"
      },
      "devDependencies": {
        "@types/bunyan": "^1.8.8",
        "@types/bunyan-format": "^0.2.5",
        "@types/node": "^18.16.3",
        "@typescript-eslint/eslint-plugin": "^5.59.2",
        "@typescript-eslint/parser": "^5.59.2",
        "eslint": "^8.39.0",
        "eslint-config-prettier": "^8.8.0",
        "eslint-plugin-prettier": "^4.2.1",
        "prettier": "^2.8.8",
        "typescript": "^5.0.4"
      }
    },
    "../../../node_modules/.pnpm/prettier@2.8.8/node_modules/prettier": {
      "version": "2.8.8",
      "dev": true,
      "license": "MIT",
      "bin": {
        "prettier": "bin-prettier.js"
      },
      "engines": {
        "node": ">=10.13.0"
      },
      "funding": {
        "url": "https://github.com/prettier/prettier?sponsor=1"
      }
    },
    "../../../node_modules/.pnpm/typescript@5.3.2/node_modules/typescript": {
      "version": "5.3.2",
      "dev": true,
      "license": "Apache-2.0",
      "bin": {
        "tsc": "bin/tsc",
        "tsserver": "bin/tsserver"
      },
      "devDependencies": {
        "@esfx/canceltoken": "^1.0.0",
        "@octokit/rest": "^19.0.13",
        "@types/chai": "^4.3.4",
        "@types/glob": "^8.1.0",
        "@types/microsoft__typescript-etw": "^0.1.1",
        "@types/minimist": "^1.2.2",
        "@types/mocha": "^10.0.1",
        "@types/ms": "^0.7.31",
        "@types/node": "latest",
        "@types/source-map-support": "^0.5.6",
        "@types/which": "^2.0.1",
        "@typescript-eslint/eslint-plugin": "^6.0.0",
        "@typescript-eslint/parser": "^6.0.0",
        "@typescript-eslint/utils": "^6.0.0",
        "azure-devops-node-api": "^12.0.0",
        "c8": "^7.14.0",
        "chai": "^4.3.7",
        "chalk": "^4.1.2",
        "chokidar": "^3.5.3",
        "diff": "^5.1.0",
        "dprint": "^0.42.3",
        "esbuild": "^0.19.0",
        "eslint": "^8.22.0",
        "eslint-formatter-autolinkable-stylish": "^1.2.0",
        "eslint-plugin-local": "^1.0.0",
        "eslint-plugin-no-null": "^1.0.2",
        "eslint-plugin-simple-import-sort": "^10.0.0",
        "fast-xml-parser": "^4.0.11",
        "glob": "^8.1.0",
        "hereby": "^1.6.4",
        "jsonc-parser": "^3.2.0",
        "minimist": "^1.2.8",
        "mocha": "^10.2.0",
        "mocha-fivemat-progress-reporter": "^0.1.0",
        "ms": "^2.1.3",
        "node-fetch": "^3.2.10",
        "playwright": "^1.38.0",
        "source-map-support": "^0.5.21",
        "tslib": "^2.5.0",
        "typescript": "^5.0.2",
        "which": "^2.0.2"
      },
      "engines": {
        "node": ">=14.17"
      }
    },
    "../common": {
      "version": "1.0.0",
      "dependencies": {
        "@crowd/logging": "file:../logging",
        "@crowd/types": "file:../types",
        "lodash.get": "~4.4.2",
        "psl": "^1.9.0",
        "uuid": "^9.0.0"
      },
      "devDependencies": {
        "@types/node": "^18.16.3",
        "@typescript-eslint/eslint-plugin": "^5.59.2",
        "@typescript-eslint/parser": "^5.59.2",
        "eslint": "^8.39.0",
        "eslint-config-prettier": "^8.8.0",
        "eslint-plugin-prettier": "^4.2.1",
        "prettier": "^2.8.8",
        "typescript": "^5.0.4"
      }
    },
    "../logging": {
      "version": "1.0.0",
      "dependencies": {
        "@crowd/common": "file:../common",
        "@crowd/tracing": "file:../tracing",
        "bunyan": "^1.8.15",
        "bunyan-format": "^0.2.1"
      },
      "devDependencies": {
        "@types/bunyan": "^1.8.8",
        "@types/bunyan-format": "^0.2.5",
        "@types/node": "^18.16.3",
        "@typescript-eslint/eslint-plugin": "^5.59.2",
        "@typescript-eslint/parser": "^5.59.2",
        "eslint": "^8.39.0",
        "eslint-config-prettier": "^8.8.0",
        "eslint-plugin-prettier": "^4.2.1",
        "prettier": "^2.8.8",
        "typescript": "^5.0.4"
      }
    },
    "node_modules/@aws-sdk/client-comprehend": {
      "resolved": "../../../node_modules/.pnpm/@aws-sdk+client-comprehend@3.462.0/node_modules/@aws-sdk/client-comprehend",
      "link": true
    },
    "node_modules/@crowd/common": {
      "resolved": "../common",
      "link": true
    },
    "node_modules/@crowd/logging": {
      "resolved": "../logging",
      "link": true
    },
    "node_modules/@types/node": {
      "resolved": "../../../node_modules/.pnpm/@types+node@18.18.14/node_modules/@types/node",
      "link": true
    },
    "node_modules/@typescript-eslint/eslint-plugin": {
      "resolved": "../../../node_modules/.pnpm/@typescript-eslint+eslint-plugin@5.62.0_@typescript-eslint+parser@5.62.0_eslint@8.54.0_typescript@5.3.2/node_modules/@typescript-eslint/eslint-plugin",
      "link": true
    },
    "node_modules/@typescript-eslint/parser": {
      "resolved": "../../../node_modules/.pnpm/@typescript-eslint+parser@5.62.0_eslint@8.54.0_typescript@5.3.2/node_modules/@typescript-eslint/parser",
      "link": true
    },
    "node_modules/crowd-sentiment": {
      "version": "1.1.7",
      "resolved": "https://registry.npmjs.org/crowd-sentiment/-/crowd-sentiment-1.1.7.tgz",
      "integrity": "sha512-T7PRAOlvsprraM0LRrTI5qGlCqIMGpnCdGMKHLBMYsm1QTTqSvaSWDD4hDA44W9AbzvzKy6Il90BudlBTxa+6A=="
    },
    "node_modules/eslint": {
      "resolved": "../../../node_modules/.pnpm/eslint@8.54.0/node_modules/eslint",
      "link": true
    },
    "node_modules/eslint-config-prettier": {
      "resolved": "../../../node_modules/.pnpm/eslint-config-prettier@8.10.0_eslint@8.54.0/node_modules/eslint-config-prettier",
      "link": true
    },
    "node_modules/eslint-plugin-prettier": {
      "resolved": "../../../node_modules/.pnpm/eslint-plugin-prettier@4.2.1_eslint-config-prettier@8.10.0_eslint@8.54.0_prettier@2.8.8/node_modules/eslint-plugin-prettier",
      "link": true
    },
    "node_modules/prettier": {
      "resolved": "../../../node_modules/.pnpm/prettier@2.8.8/node_modules/prettier",
      "link": true
    },
    "node_modules/typescript": {
      "resolved": "../../../node_modules/.pnpm/typescript@5.3.2/node_modules/typescript",
      "link": true
    }
  }
}
